
Microsoft Visual Studio Solution File, Format Version 12.00
# Visual Studio Version 16
VisualStudioVersion = 16.0.30503.244
MinimumVisualStudioVersion = 10.0.40219.1
Project("{FAE04EC0-301F-11D3-BF4B-00C04F79EFBC}") = "2020_10_05", "2020_10_05\2020_10_05.csproj", "{F994C763-3138-4A64-BBB2-C9D41212EC38}"
EndProject
Global
	GlobalSection(SolutionConfigurationPlatforms) = preSolution
		Debug|Any CPU = Debug|Any CPU
		Release|Any CPU = Release|Any CPU
	EndGlobalSection
	GlobalSection(ProjectConfigurationPlatforms) = postSolution
		{F994C763-3138-4A64-BBB2-C9D41212EC38}.Debug|Any CPU.ActiveCfg = Debug|Any CPU
		{F994C763-3138-4A64-BBB2-C9D41212EC38}.Debug|Any CPU.Build.0 = Debug|Any CPU
		{F994C763-3138-4A64-BBB2-C9D41212EC38}.Release|Any CPU.ActiveCfg = Release|Any CPU
		{F994C763-3138-4A64-BBB2-C9D41212EC38}.Release|Any CPU.Build.0 = Release|Any CPU
	EndGlobalSection
	GlobalSection(SolutionProperties) = preSolution
		HideSolutionNode = FALSE
	EndGlobalSection
	GlobalSection(ExtensibilityGlobals) = postSolution
		SolutionGuid = {7CC0DF8D-F7B7-4CFF-A377-18FC14746506}
	EndGlobalSection
EndGlobal
